<Solution Description="Visual Studio slnx file generated by Premake" Version="1.4">
  <Configurations>
    <Platform Name="x64" />
  </Configurations>
  <Project Path="Iconoclast\Iconoclast.vcxproj" Id="145A0BF7-0012-4D44-6919-26A055F0E734">
  </Project>
  <Project Path="Sandbox\Sandbox.vcxproj" Id="F4C124E3-60A1-A37E-69B9-2E55D5170AE0">
  </Project>
</Solution>